
Microsoft Visual Studio Solution File, Format Version 12.00
# Visual Studio Version 17
VisualStudioVersion = 17.4.33213.308
MinimumVisualStudioVersion = 10.0.40219.1
Project("{9A19103F-16F7-4668-BE54-9A1E7A4F7556}") = "HttpClientDecorator", "HttpClientDecorator\HttpClientDecorator.csproj", "{1A5C28F7-72D6-44A0-B27F-BE86E32E8017}"
EndProject
Project("{2150E333-8FDC-42A3-9474-1A3956D46DE8}") = "SolutionItems", "SolutionItems", "{66ED63A8-5507-4474-819F-2BE0F1075EFB}"
	ProjectSection(SolutionItems) = preProject
		.gitignore = .gitignore
		CONTRIBUTING.md = CONTRIBUTING.md
		README.md = README.md
	EndProjectSection
EndProject
Project("{9A19103F-16F7-4668-BE54-9A1E7A4F7556}") = "HttpClientDecorator.Web", "HttpClientDecorator.Web\HttpClientDecorator.Web.csproj", "{50280061-30DC-4EA3-9504-6797A318442C}"
EndProject
Project("{2150E333-8FDC-42A3-9474-1A3956D46DE8}") = "Tests", "Tests", "{BC86A4BC-A7E9-47F2-B961-EC3FEA89D9F8}"
EndProject
Project("{9A19103F-16F7-4668-BE54-9A1E7A4F7556}") = "HttpClientDecorator.Tests", "HttpClientDecorator.Tests\HttpClientDecorator.Tests.csproj", "{09AF750F-7386-46D7-87AF-F6B95812193F}"
EndProject
Project("{9A19103F-16F7-4668-BE54-9A1E7A4F7556}") = "HttpClientDecorator.Console", "HttpClientDecorator.Console\HttpClientDecorator.Console.csproj", "{C856819D-3F72-4593-9015-1CFC24F0FCDF}"
EndProject
Project("{9A19103F-16F7-4668-BE54-9A1E7A4F7556}") = "HttpClientCrawler", "HttpClientCrawler\HttpClientCrawler.csproj", "{49A0C318-B542-4591-A0D1-6D08D032C1EA}"
EndProject
Project("{9A19103F-16F7-4668-BE54-9A1E7A4F7556}") = "HttpClientCrawler.Tests", "HttpClientCrawler.Tests\HttpClientCrawler.Tests.csproj", "{4115A377-0C51-494B-92D7-06D45D876020}"
EndProject
Project("{9A19103F-16F7-4668-BE54-9A1E7A4F7556}") = "HttpClientCrawler.Console", "HttpClientCrawler.Console\HttpClientCrawler.Console.csproj", "{20E4180B-ACDD-4291-B37F-5693C0B12236}"
EndProject
Project("{9A19103F-16F7-4668-BE54-9A1E7A4F7556}") = "HttpClientUtility", "HttpClientUtility\HttpClientUtility.csproj", "{543F458C-0072-4FD4-983E-690123FCB4AD}"
EndProject
Project("{9A19103F-16F7-4668-BE54-9A1E7A4F7556}") = "HttpClientUtility.Test", "HttpClientUtility.Test\HttpClientUtility.Test.csproj", "{D45FB3FB-894D-472A-9278-6ED8CDE6D521}"
EndProject
Global
	GlobalSection(SolutionConfigurationPlatforms) = preSolution
		Debug|Any CPU = Debug|Any CPU
		Release|Any CPU = Release|Any CPU
	EndGlobalSection
	GlobalSection(ProjectConfigurationPlatforms) = postSolution
		{1A5C28F7-72D6-44A0-B27F-BE86E32E8017}.Debug|Any CPU.ActiveCfg = Debug|Any CPU
		{1A5C28F7-72D6-44A0-B27F-BE86E32E8017}.Debug|Any CPU.Build.0 = Debug|Any CPU
		{1A5C28F7-72D6-44A0-B27F-BE86E32E8017}.Release|Any CPU.ActiveCfg = Release|Any CPU
		{1A5C28F7-72D6-44A0-B27F-BE86E32E8017}.Release|Any CPU.Build.0 = Release|Any CPU
		{50280061-30DC-4EA3-9504-6797A318442C}.Debug|Any CPU.ActiveCfg = Debug|Any CPU
		{50280061-30DC-4EA3-9504-6797A318442C}.Debug|Any CPU.Build.0 = Debug|Any CPU
		{50280061-30DC-4EA3-9504-6797A318442C}.Release|Any CPU.ActiveCfg = Release|Any CPU
		{50280061-30DC-4EA3-9504-6797A318442C}.Release|Any CPU.Build.0 = Release|Any CPU
		{09AF750F-7386-46D7-87AF-F6B95812193F}.Debug|Any CPU.ActiveCfg = Debug|Any CPU
		{09AF750F-7386-46D7-87AF-F6B95812193F}.Debug|Any CPU.Build.0 = Debug|Any CPU
		{09AF750F-7386-46D7-87AF-F6B95812193F}.Release|Any CPU.ActiveCfg = Release|Any CPU
		{09AF750F-7386-46D7-87AF-F6B95812193F}.Release|Any CPU.Build.0 = Release|Any CPU
		{C856819D-3F72-4593-9015-1CFC24F0FCDF}.Debug|Any CPU.ActiveCfg = Debug|Any CPU
		{C856819D-3F72-4593-9015-1CFC24F0FCDF}.Debug|Any CPU.Build.0 = Debug|Any CPU
		{C856819D-3F72-4593-9015-1CFC24F0FCDF}.Release|Any CPU.ActiveCfg = Release|Any CPU
		{C856819D-3F72-4593-9015-1CFC24F0FCDF}.Release|Any CPU.Build.0 = Release|Any CPU
		{49A0C318-B542-4591-A0D1-6D08D032C1EA}.Debug|Any CPU.ActiveCfg = Debug|Any CPU
		{49A0C318-B542-4591-A0D1-6D08D032C1EA}.Debug|Any CPU.Build.0 = Debug|Any CPU
		{49A0C318-B542-4591-A0D1-6D08D032C1EA}.Release|Any CPU.ActiveCfg = Release|Any CPU
		{49A0C318-B542-4591-A0D1-6D08D032C1EA}.Release|Any CPU.Build.0 = Release|Any CPU
		{4115A377-0C51-494B-92D7-06D45D876020}.Debug|Any CPU.ActiveCfg = Debug|Any CPU
		{4115A377-0C51-494B-92D7-06D45D876020}.Debug|Any CPU.Build.0 = Debug|Any CPU
		{4115A377-0C51-494B-92D7-06D45D876020}.Release|Any CPU.ActiveCfg = Release|Any CPU
		{4115A377-0C51-494B-92D7-06D45D876020}.Release|Any CPU.Build.0 = Release|Any CPU
		{20E4180B-ACDD-4291-B37F-5693C0B12236}.Debug|Any CPU.ActiveCfg = Debug|Any CPU
		{20E4180B-ACDD-4291-B37F-5693C0B12236}.Debug|Any CPU.Build.0 = Debug|Any CPU
		{20E4180B-ACDD-4291-B37F-5693C0B12236}.Release|Any CPU.ActiveCfg = Release|Any CPU
		{20E4180B-ACDD-4291-B37F-5693C0B12236}.Release|Any CPU.Build.0 = Release|Any CPU
		{543F458C-0072-4FD4-983E-690123FCB4AD}.Debug|Any CPU.ActiveCfg = Debug|Any CPU
		{543F458C-0072-4FD4-983E-690123FCB4AD}.Debug|Any CPU.Build.0 = Debug|Any CPU
		{543F458C-0072-4FD4-983E-690123FCB4AD}.Release|Any CPU.ActiveCfg = Release|Any CPU
		{543F458C-0072-4FD4-983E-690123FCB4AD}.Release|Any CPU.Build.0 = Release|Any CPU
		{D45FB3FB-894D-472A-9278-6ED8CDE6D521}.Debug|Any CPU.ActiveCfg = Debug|Any CPU
		{D45FB3FB-894D-472A-9278-6ED8CDE6D521}.Debug|Any CPU.Build.0 = Debug|Any CPU
		{D45FB3FB-894D-472A-9278-6ED8CDE6D521}.Release|Any CPU.ActiveCfg = Release|Any CPU
		{D45FB3FB-894D-472A-9278-6ED8CDE6D521}.Release|Any CPU.Build.0 = Release|Any CPU
	EndGlobalSection
	GlobalSection(SolutionProperties) = preSolution
		HideSolutionNode = FALSE
	EndGlobalSection
	GlobalSection(NestedProjects) = preSolution
		{09AF750F-7386-46D7-87AF-F6B95812193F} = {BC86A4BC-A7E9-47F2-B961-EC3FEA89D9F8}
		{C856819D-3F72-4593-9015-1CFC24F0FCDF} = {BC86A4BC-A7E9-47F2-B961-EC3FEA89D9F8}
		{4115A377-0C51-494B-92D7-06D45D876020} = {BC86A4BC-A7E9-47F2-B961-EC3FEA89D9F8}
		{20E4180B-ACDD-4291-B37F-5693C0B12236} = {BC86A4BC-A7E9-47F2-B961-EC3FEA89D9F8}
		{D45FB3FB-894D-472A-9278-6ED8CDE6D521} = {BC86A4BC-A7E9-47F2-B961-EC3FEA89D9F8}
	EndGlobalSection
	GlobalSection(ExtensibilityGlobals) = postSolution
		SolutionGuid = {658A231C-575E-417A-8C05-ECDC0C1B654E}
	EndGlobalSection
EndGlobal
